
Microsoft Visual Studio Solution File, Format Version 11.00
# Visual Studio 2010
Project("{8BC9CEB8-8B4A-11D0-8D11-00A0C91BC942}") = "libevent", "libevent.vcxproj", "{6945EC8A-39E0-40C4-8F1A-871445531989}"
EndProject
Global
	GlobalSection(SolutionConfigurationPlatforms) = preSolution
		Debug|Win32 = Debug|Win32
		Release|Win32 = Release|Win32
	EndGlobalSection
	GlobalSection(ProjectConfigurationPlatforms) = postSolution
		{6945EC8A-39E0-40C4-8F1A-871445531989}.Debug|Win32.ActiveCfg = Debug|Win32
		{6945EC8A-39E0-40C4-8F1A-871445531989}.Debug|Win32.Build.0 = Debug|Win32
		{6945EC8A-39E0-40C4-8F1A-871445531989}.Release|Win32.ActiveCfg = Release|Win32
		{6945EC8A-39E0-40C4-8F1A-871445531989}.Release|Win32.Build.0 = Release|Win32
	EndGlobalSection
	GlobalSection(SolutionProperties) = preSolution
		HideSolutionNode = FALSE
	EndGlobalSection
EndGlobal
